// !$*UTF8*$!
{
	archiveVersion = 1;
	classes = {
	};
	objectVersion = 56;
	objects = {

/* Begin PBXBuildFile section */
		4943813F2AEF4471008C824B /* MTApp.swift in Sources */ = {isa = PBXBuildFile; fileRef = 4943813E2AEF4471008C824B /* MTApp.swift */; };
		494381412AEF4471008C824B /* ContentView.swift in Sources */ = {isa = PBXBuildFile; fileRef = 494381402AEF4471008C824B /* ContentView.swift */; };
		494381432AEF4471008C824B /* Assets.xcassets in Resources */ = {isa = PBXBuildFile; fileRef = 494381422AEF4471008C824B /* Assets.xcassets */; };
		494381462AEF4471008C824B /* Preview Assets.xcassets in Resources */ = {isa = PBXBuildFile; fileRef = 494381452AEF4471008C824B /* Preview Assets.xcassets */; };
		4943814D2AEF448E008C824B /* Views in Resources */ = {isa = PBXBuildFile; fileRef = 4943814C2AEF448E008C824B /* Views */; };
		4943814F2AEF4508008C824B /* MortgageViewModel.swift in Sources */ = {isa = PBXBuildFile; fileRef = 4943814E2AEF4508008C824B /* MortgageViewModel.swift */; };
		494381532AF09B08008C824B /* TemperatureView.swift in Sources */ = {isa = PBXBuildFile; fileRef = 494381522AF09B08008C824B /* TemperatureView.swift */; };
		494381552AF0A426008C824B /* MortgageView.swift in Sources */ = {isa = PBXBuildFile; fileRef = 494381542AF0A426008C824B /* MortgageView.swift */; };
		494381572AF0A686008C824B /* TemperatureViewModel.swift in Sources */ = {isa = PBXBuildFile; fileRef = 494381562AF0A686008C824B /* TemperatureViewModel.swift */; };
/* End PBXBuildFile section */

/* Begin PBXFileReference section */
		4943813B2AEF4471008C824B /* MT.app */ = {isa = PBXFileReference; explicitFileType = wrapper.application; includeInIndex = 0; path = MT.app; sourceTree = BUILT_PRODUCTS_DIR; };
		4943813E2AEF4471008C824B /* MTApp.swift */ = {isa = PBXFileReference; lastKnownFileType = sourcecode.swift; path = MTApp.swift; sourceTree = "<group>"; };
		494381402AEF4471008C824B /* ContentView.swift */ = {isa = PBXFileReference; lastKnownFileType = sourcecode.swift; path = ContentView.swift; sourceTree = "<group>"; };
		494381422AEF4471008C824B /* Assets.xcassets */ = {isa = PBXFileReference; lastKnownFileType = folder.assetcatalog; path = Assets.xcassets; sourceTree = "<group>"; };
		494381452AEF4471008C824B /* Preview Assets.xcassets */ = {isa = PBXFileReference; lastKnownFileType = folder.assetcatalog; path = "Preview Assets.xcassets"; sourceTree = "<group>"; };
		4943814C2AEF448E008C824B /* Views */ = {isa = PBXFileReference; lastKnownFileType = folder; path = Views; sourceTree = "<group>"; };
		4943814E2AEF4508008C824B /* MortgageViewModel.swift */ = {isa = PBXFileReference; lastKnownFileType = sourcecode.swift; name = MortgageViewModel.swift; path = MT/Views/MortgageViewModel.swift; sourceTree = "<group>"; };
		494381522AF09B08008C824B /* TemperatureView.swift */ = {isa = PBXFileReference; lastKnownFileType = sourcecode.swift; name = TemperatureView.swift; path = MT/Views/TemperatureView.swift; sourceTree = "<group>"; };
		494381542AF0A426008C824B /* MortgageView.swift */ = {isa = PBXFileReference; lastKnownFileType = sourcecode.swift; name = MortgageView.swift; path = MT/Views/MortgageView.swift; sourceTree = "<group>"; };
		494381562AF0A686008C824B /* TemperatureViewModel.swift */ = {isa = PBXFileReference; lastKnownFileType = sourcecode.swift; name = TemperatureViewModel.swift; path = MT/Views/TemperatureViewModel.swift; sourceTree = "<group>"; };
/* End PBXFileReference section */

/* Begin PBXFrameworksBuildPhase section */
		494381382AEF4471008C824B /* Frameworks */ = {
			isa = PBXFrameworksBuildPhase;
			buildActionMask = 2147483647;
			files = (
			);
			runOnlyForDeploymentPostprocessing = 0;
		};
/* End PBXFrameworksBuildPhase section */

/* Begin PBXGroup section */
		494381322AEF4471008C824B = {
			isa = PBXGroup;
			children = (
				494381562AF0A686008C824B /* TemperatureViewModel.swift */,
				494381542AF0A426008C824B /* MortgageView.swift */,
				494381522AF09B08008C824B /* TemperatureView.swift */,
				4943814E2AEF4508008C824B /* MortgageViewModel.swift */,
				4943813D2AEF4471008C824B /* MT */,
				4943813C2AEF4471008C824B /* Products */,
			);
			sourceTree = "<group>";
		};
		4943813C2AEF4471008C824B /* Products */ = {
			isa = PBXGroup;
			children = (
				4943813B2AEF4471008C824B /* MT.app */,
			);
			name = Products;
			sourceTree = "<group>";
		};
		4943813D2AEF4471008C824B /* MT */ = {
			isa = PBXGroup;
			children = (
				4943814C2AEF448E008C824B /* Views */,
				4943813E2AEF4471008C824B /* MTApp.swift */,
				494381402AEF4471008C824B /* ContentView.swift */,
				494381422AEF4471008C824B /* Assets.xcassets */,
				494381442AEF4471008C824B /* Preview Content */,
			);
			path = MT;
			sourceTree = "<group>";
		};
		494381442AEF4471008C824B /* Preview Content */ = {
			isa = PBXGroup;
			children = (
				494381452AEF4471008C824B /* Preview Assets.xcassets */,
			);
			path = "Preview Content";
			sourceTree = "<group>";
		};
/* End PBXGroup section */

/* Begin PBXNativeTarget section */
		4943813A2AEF4471008C824B /* MT */ = {
			isa = PBXNativeTarget;
			buildConfigurationList = 494381492AEF4471008C824B /* Build configuration list for PBXNativeTarget "MT" */;
			buildPhases = (
				494381372AEF4471008C824B /* Sources */,
				494381382AEF4471008C824B /* Frameworks */,
				494381392AEF4471008C824B /* Resources */,
			);
			buildRules = (
			);
			dependencies = (
			);
			name = MT;
			productName = MT;
			productReference = 4943813B2AEF4471008C824B /* MT.app */;
			productType = "com.apple.product-type.application";
		};
/* End PBXNativeTarget section */

/* Begin PBXProject section */
		494381332AEF4471008C824B /* Project object */ = {
			isa = PBXProject;
			attributes = {
				BuildIndependentTargetsInParallel = 1;
				LastSwiftUpdateCheck = 1430;
				LastUpgradeCheck = 1430;
				TargetAttributes = {
					4943813A2AEF4471008C824B = {
						CreatedOnToolsVersion = 14.3.1;
					};
				};
			};
			buildConfigurationList = 494381362AEF4471008C824B /* Build configuration list for PBXProject "MT" */;
			compatibilityVersion = "Xcode 14.0";
			developmentRegion = en;
			hasScannedForEncodings = 0;
			knownRegions = (
				en,
				Base,
			);
			mainGroup = 494381322AEF4471008C824B;
			productRefGroup = 4943813C2AEF4471008C824B /* Products */;
			projectDirPath = "";
			projectRoot = "";
			targets = (
				4943813A2AEF4471008C824B /* MT */,
			);
		};
/* End PBXProject section */

/* Begin PBXResourcesBuildPhase section */
		494381392AEF4471008C824B /* Resources */ = {
			isa = PBXResourcesBuildPhase;
			buildActionMask = 2147483647;
			files = (
				4943814D2AEF448E008C824B /* Views in Resources */,
				494381462AEF4471008C824B /* Preview Assets.xcassets in Resources */,
				494381432AEF4471008C824B /* Assets.xcassets in Resources */,
			);
			runOnlyForDeploymentPostprocessing = 0;
		};
/* End PBXResourcesBuildPhase section */

/* Begin PBXSourcesBuildPhase section */
		494381372AEF4471008C824B /* Sources */ = {
			isa = PBXSourcesBuildPhase;
			buildActionMask = 2147483647;
			files = (
				494381552AF0A426008C824B /* MortgageView.swift in Sources */,
				494381412AEF4471008C824B /* ContentView.swift in Sources */,
				4943813F2AEF4471008C824B /* MTApp.swift in Sources */,
				494381532AF09B08008C824B /* TemperatureView.swift in Sources */,
				4943814F2AEF4508008C824B /* MortgageViewModel.swift in Sources */,
				494381572AF0A686008C824B /* TemperatureViewModel.swift in Sources */,
			);
			runOnlyForDeploymentPostprocessing = 0;
		};
/* End PBXSourcesBuildPhase section */

/* Begin XCBuildConfiguration section */
		494381472AEF4471008C824B /* Debug */ = {
			isa = XCBuildConfiguration;
			buildSettings = {
				ALWAYS_SEARCH_USER_PATHS = NO;
				CLANG_ANALYZER_NONNULL = YES;
				CLANG_ANALYZER_NUMBER_OBJECT_CONVERSION = YES_AGGRESSIVE;
				CLANG_CXX_LANGUAGE_STANDARD = "gnu++20";
				CLANG_ENABLE_MODULES = YES;
				CLANG_ENABLE_OBJC_ARC = YES;
				CLANG_ENABLE_OBJC_WEAK = YES;
				CLANG_WARN_BLOCK_CAPTURE_AUTORELEASING = YES;
				CLANG_WARN_BOOL_CONVERSION = YES;
				CLANG_WARN_COMMA = YES;
				CLANG_WARN_CONSTANT_CONVERSION = YES;
				CLANG_WARN_DEPRECATED_OBJC_IMPLEMENTATIONS = YES;
				CLANG_WARN_DIRECT_OBJC_ISA_USAGE = YES_ERROR;
				CLANG_WARN_DOCUMENTATION_COMMENTS = YES;
				CLANG_WARN_EMPTY_BODY = YES;
				CLANG_WARN_ENUM_CONVERSION = YES;
				CLANG_WARN_INFINITE_RECURSION = YES;
				CLANG_WARN_INT_CONVERSION = YES;
				CLANG_WARN_NON_LITERAL_NULL_CONVERSION = YES;
				CLANG_WARN_OBJC_IMPLICIT_RETAIN_SELF = YES;
				CLANG_WARN_OBJC_LITERAL_CONVERSION = YES;
				CLANG_WARN_OBJC_ROOT_CLASS = YES_ERROR;
				CLANG_WARN_QUOTED_INCLUDE_IN_FRAMEWORK_HEADER = YES;
				CLANG_WARN_RANGE_LOOP_ANALYSIS = YES;
				CLANG_WARN_STRICT_PROTOTYPES = YES;
				CLANG_WARN_SUSPICIOUS_MOVE = YES;
				CLANG_WARN_UNGUARDED_AVAILABILITY = YES_AGGRESSIVE;
				CLANG_WARN_UNREACHABLE_CODE = YES;
				CLANG_WARN__DUPLICATE_METHOD_MATCH = YES;
				COPY_PHASE_STRIP = NO;
				DEBUG_INFORMATION_FORMAT = dwarf;
				ENABLE_STRICT_OBJC_MSGSEND = YES;
				ENABLE_TESTABILITY = YES;
				GCC_C_LANGUAGE_STANDARD = gnu11;
				GCC_DYNAMIC_NO_PIC = NO;
				GCC_NO_COMMON_BLOCKS = YES;
				GCC_OPTIMIZATION_LEVEL = 0;
				GCC_PREPROCESSOR_DEFINITIONS = (
					"DEBUG=1",
					"$(inherited)",
				);
				GCC_WARN_64_TO_32_BIT_CONVERSION = YES;
				GCC_WARN_ABOUT_RETURN_TYPE = YES_ERROR;
				GCC_WARN_UNDECLARED_SELECTOR = YES;
				GCC_WARN_UNINITIALIZED_AUTOS = YES_AGGRESSIVE;
				GCC_WARN_UNUSED_FUNCTION = YES;
				GCC_WARN_UNUSED_VARIABLE = YES;
				IPHONEOS_DEPLOYMENT_TARGET = 16.4;
				MTL_ENABLE_DEBUG_INFO = INCLUDE_SOURCE;
				MTL_FAST_MATH = YES;
				ONLY_ACTIVE_ARCH = YES;
				SDKROOT = iphoneos;
				SWIFT_ACTIVE_COMPILATION_CONDITIONS = DEBUG;
				SWIFT_OPTIMIZATION_LEVEL = "-Onone";
			};
			name = Debug;
		};
		494381482AEF4471008C824B /* Release */ = {
			isa = XCBuildConfiguration;
			buildSettings = {
				ALWAYS_SEARCH_USER_PATHS = NO;
				CLANG_ANALYZER_NONNULL = YES;
				CLANG_ANALYZER_NUMBER_OBJECT_CONVERSION = YES_AGGRESSIVE;
				CLANG_CXX_LANGUAGE_STANDARD = "gnu++20";
				CLANG_ENABLE_MODULES = YES;
				CLANG_ENABLE_OBJC_ARC = YES;
				CLANG_ENABLE_OBJC_WEAK = YES;
				CLANG_WARN_BLOCK_CAPTURE_AUTORELEASING = YES;
				CLANG_WARN_BOOL_CONVERSION = YES;
				CLANG_WARN_COMMA = YES;
				CLANG_WARN_CONSTANT_CONVERSION = YES;
				CLANG_WARN_DEPRECATED_OBJC_IMPLEMENTATIONS = YES;
				CLANG_WARN_DIRECT_OBJC_ISA_USAGE = YES_ERROR;
				CLANG_WARN_DOCUMENTATION_COMMENTS = YES;
				CLANG_WARN_EMPTY_BODY = YES;
				CLANG_WARN_ENUM_CONVERSION = YES;
				CLANG_WARN_INFINITE_RECURSION = YES;
				CLANG_WARN_INT_CONVERSION = YES;
				CLANG_WARN_NON_LITERAL_NULL_CONVERSION = YES;
				CLANG_WARN_OBJC_IMPLICIT_RETAIN_SELF = YES;
				CLANG_WARN_OBJC_LITERAL_CONVERSION = YES;
				CLANG_WARN_OBJC_ROOT_CLASS = YES_ERROR;
				CLANG_WARN_QUOTED_INCLUDE_IN_FRAMEWORK_HEADER = YES;
				CLANG_WARN_RANGE_LOOP_ANALYSIS = YES;
				CLANG_WARN_STRICT_PROTOTYPES = YES;
				CLANG_WARN_SUSPICIOUS_MOVE = YES;
				CLANG_WARN_UNGUARDED_AVAILABILITY = YES_AGGRESSIVE;
				CLANG_WARN_UNREACHABLE_CODE = YES;
				CLANG_WARN__DUPLICATE_METHOD_MATCH = YES;
				COPY_PHASE_STRIP = NO;
				DEBUG_INFORMATION_FORMAT = "dwarf-with-dsym";
				ENABLE_NS_ASSERTIONS = NO;
				ENABLE_STRICT_OBJC_MSGSEND = YES;
				GCC_C_LANGUAGE_STANDARD = gnu11;
				GCC_NO_COMMON_BLOCKS = YES;
				GCC_WARN_64_TO_32_BIT_CONVERSION = YES;
				GCC_WARN_ABOUT_RETURN_TYPE = YES_ERROR;
				GCC_WARN_UNDECLARED_SELECTOR = YES;
				GCC_WARN_UNINITIALIZED_AUTOS = YES_AGGRESSIVE;
				GCC_WARN_UNUSED_FUNCTION = YES;
				GCC_WARN_UNUSED_VARIABLE = YES;
				IPHONEOS_DEPLOYMENT_TARGET = 16.4;
				MTL_ENABLE_DEBUG_INFO = NO;
				MTL_FAST_MATH = YES;
				SDKROOT = iphoneos;
				SWIFT_COMPILATION_MODE = wholemodule;
				SWIFT_OPTIMIZATION_LEVEL = "-O";
				VALIDATE_PRODUCT = YES;
			};
			name = Release;
		};
		4943814A2AEF4471008C824B /* Debug */ = {
			isa = XCBuildConfiguration;
			buildSettings = {
				ASSETCATALOG_COMPILER_APPICON_NAME = AppIcon;
				ASSETCATALOG_COMPILER_GLOBAL_ACCENT_COLOR_NAME = AccentColor;
				CODE_SIGN_STYLE = Automatic;
				CURRENT_PROJECT_VERSION = 1;
				DEVELOPMENT_ASSET_PATHS = "\"MT/Preview Content\"";
				ENABLE_PREVIEWS = YES;
				GENERATE_INFOPLIST_FILE = YES;
				INFOPLIST_KEY_UIApplicationSceneManifest_Generation = YES;
				INFOPLIST_KEY_UIApplicationSupportsIndirectInputEvents = YES;
				INFOPLIST_KEY_UILaunchScreen_Generation = YES;
				INFOPLIST_KEY_UISupportedInterfaceOrientations_iPad = "UIInterfaceOrientationPortrait UIInterfaceOrientationPortraitUpsideDown UIInterfaceOrientationLandscapeLeft UIInterfaceOrientationLandscapeRight";
				INFOPLIST_KEY_UISupportedInterfaceOrientations_iPhone = "UIInterfaceOrientationPortrait UIInterfaceOrientationLandscapeLeft UIInterfaceOrientationLandscapeRight";
				LD_RUNPATH_SEARCH_PATHS = (
					"$(inherited)",
					"@executable_path/Frameworks",
				);
				MARKETING_VERSION = 1.0;
				PRODUCT_BUNDLE_IDENTIFIER = edu.niu.z1946433.MT;
				PRODUCT_NAME = "$(TARGET_NAME)";
				SWIFT_EMIT_LOC_STRINGS = YES;
				SWIFT_VERSION = 5.0;
				TARGETED_DEVICE_FAMILY = "1,2";
			};
			name = Debug;
		};
		4943814B2AEF4471008C824B /* Release */ = {
			isa = XCBuildConfiguration;
			buildSettings = {
				ASSETCATALOG_COMPILER_APPICON_NAME = AppIcon;
				ASSETCATALOG_COMPILER_GLOBAL_ACCENT_COLOR_NAME = AccentColor;
				CODE_SIGN_STYLE = Automatic;
				CURRENT_PROJECT_VERSION = 1;
				DEVELOPMENT_ASSET_PATHS = "\"MT/Preview Content\"";
				ENABLE_PREVIEWS = YES;
				GENERATE_INFOPLIST_FILE = YES;
				INFOPLIST_KEY_UIApplicationSceneManifest_Generation = YES;
				INFOPLIST_KEY_UIApplicationSupportsIndirectInputEvents = YES;
				INFOPLIST_KEY_UILaunchScreen_Generation = YES;
				INFOPLIST_KEY_UISupportedInterfaceOrientations_iPad = "UIInterfaceOrientationPortrait UIInterfaceOrientationPortraitUpsideDown UIInterfaceOrientationLandscapeLeft UIInterfaceOrientationLandscapeRight";
				INFOPLIST_KEY_UISupportedInterfaceOrientations_iPhone = "UIInterfaceOrientationPortrait UIInterfaceOrientationLandscapeLeft UIInterfaceOrientationLandscapeRight";
				LD_RUNPATH_SEARCH_PATHS = (
					"$(inherited)",
					"@executable_path/Frameworks",
				);
				MARKETING_VERSION = 1.0;
				PRODUCT_BUNDLE_IDENTIFIER = edu.niu.z1946433.MT;
				PRODUCT_NAME = "$(TARGET_NAME)";
				SWIFT_EMIT_LOC_STRINGS = YES;
				SWIFT_VERSION = 5.0;
				TARGETED_DEVICE_FAMILY = "1,2";
			};
			name = Release;
		};
/* End XCBuildConfiguration section */

/* Begin XCConfigurationList section */
		494381362AEF4471008C824B /* Build configuration list for PBXProject "MT" */ = {
			isa = XCConfigurationList;
			buildConfigurations = (
				494381472AEF4471008C824B /* Debug */,
				494381482AEF4471008C824B /* Release */,
			);
			defaultConfigurationIsVisible = 0;
			defaultConfigurationName = Release;
		};
		494381492AEF4471008C824B /* Build configuration list for PBXNativeTarget "MT" */ = {
			isa = XCConfigurationList;
			buildConfigurations = (
				4943814A2AEF4471008C824B /* Debug */,
				4943814B2AEF4471008C824B /* Release */,
			);
			defaultConfigurationIsVisible = 0;
			defaultConfigurationName = Release;
		};
/* End XCConfigurationList section */
	};
	rootObject = 494381332AEF4471008C824B /* Project object */;
}
