// !$*UTF8*$!
{
	archiveVersion = 1;
	classes = {
	};
	objectVersion = 56;
	objects = {

/* Begin PBXBuildFile section */
		4965EEFA2B00CA2F008763C1 /* A4App.swift in Sources */ = {isa = PBXBuildFile; fileRef = 4965EEF92B00CA2F008763C1 /* A4App.swift */; };
		4965EEFC2B00CA2F008763C1 /* ContentView.swift in Sources */ = {isa = PBXBuildFile; fileRef = 4965EEFB2B00CA2F008763C1 /* ContentView.swift */; };
		4965EEFE2B00CA30008763C1 /* Assets.xcassets in Resources */ = {isa = PBXBuildFile; fileRef = 4965EEFD2B00CA30008763C1 /* Assets.xcassets */; };
		4965EF012B00CA30008763C1 /* Preview Assets.xcassets in Resources */ = {isa = PBXBuildFile; fileRef = 4965EF002B00CA30008763C1 /* Preview Assets.xcassets */; };
		4965EF082B00CA54008763C1 /* model in Resources */ = {isa = PBXBuildFile; fileRef = 4965EF072B00CA54008763C1 /* model */; };
		4965EF0A2B00CA67008763C1 /* ViewModel in Resources */ = {isa = PBXBuildFile; fileRef = 4965EF092B00CA67008763C1 /* ViewModel */; };
		4965EF0C2B00CB40008763C1 /* presidents.plist in Resources */ = {isa = PBXBuildFile; fileRef = 4965EF0B2B00CB40008763C1 /* presidents.plist */; };
		4965EF0E2B00CD3A008763C1 /* File.swift in Sources */ = {isa = PBXBuildFile; fileRef = 4965EF0D2B00CD3A008763C1 /* File.swift */; };
		4965EF102B00CE14008763C1 /* LoadDataModel.swift in Sources */ = {isa = PBXBuildFile; fileRef = 4965EF0F2B00CE14008763C1 /* LoadDataModel.swift */; };
		4965EF122B019D2D008763C1 /* Views in Resources */ = {isa = PBXBuildFile; fileRef = 4965EF112B019D2D008763C1 /* Views */; };
		4965EF162B019DBA008763C1 /* CellView.swift in Sources */ = {isa = PBXBuildFile; fileRef = 4965EF152B019DBA008763C1 /* CellView.swift */; };
		4965EF182B01A63F008763C1 /* CharacterModel.swift in Sources */ = {isa = PBXBuildFile; fileRef = 4965EF172B01A63F008763C1 /* CharacterModel.swift */; };
		4965EF1A2B01C881008763C1 /* CellDetailView.swift in Sources */ = {isa = PBXBuildFile; fileRef = 4965EF192B01C881008763C1 /* CellDetailView.swift */; };
/* End PBXBuildFile section */

/* Begin PBXFileReference section */
		4965EEF62B00CA2F008763C1 /* A4.app */ = {isa = PBXFileReference; explicitFileType = wrapper.application; includeInIndex = 0; path = A4.app; sourceTree = BUILT_PRODUCTS_DIR; };
		4965EEF92B00CA2F008763C1 /* A4App.swift */ = {isa = PBXFileReference; lastKnownFileType = sourcecode.swift; path = A4App.swift; sourceTree = "<group>"; };
		4965EEFB2B00CA2F008763C1 /* ContentView.swift */ = {isa = PBXFileReference; lastKnownFileType = sourcecode.swift; path = ContentView.swift; sourceTree = "<group>"; };
		4965EEFD2B00CA30008763C1 /* Assets.xcassets */ = {isa = PBXFileReference; lastKnownFileType = folder.assetcatalog; path = Assets.xcassets; sourceTree = "<group>"; };
		4965EF002B00CA30008763C1 /* Preview Assets.xcassets */ = {isa = PBXFileReference; lastKnownFileType = folder.assetcatalog; path = "Preview Assets.xcassets"; sourceTree = "<group>"; };
		4965EF072B00CA54008763C1 /* model */ = {isa = PBXFileReference; lastKnownFileType = folder; path = model; sourceTree = "<group>"; };
		4965EF092B00CA67008763C1 /* ViewModel */ = {isa = PBXFileReference; lastKnownFileType = folder; path = ViewModel; sourceTree = "<group>"; };
		4965EF0B2B00CB40008763C1 /* presidents.plist */ = {isa = PBXFileReference; fileEncoding = 4; lastKnownFileType = text.plist.xml; path = presidents.plist; sourceTree = "<group>"; };
		4965EF0D2B00CD3A008763C1 /* File.swift */ = {isa = PBXFileReference; lastKnownFileType = sourcecode.swift; name = File.swift; path = model/File.swift; sourceTree = "<group>"; };
		4965EF0F2B00CE14008763C1 /* LoadDataModel.swift */ = {isa = PBXFileReference; lastKnownFileType = sourcecode.swift; name = LoadDataModel.swift; path = ViewModel/LoadDataModel.swift; sourceTree = "<group>"; };
		4965EF112B019D2D008763C1 /* Views */ = {isa = PBXFileReference; lastKnownFileType = folder; path = Views; sourceTree = "<group>"; };
		4965EF152B019DBA008763C1 /* CellView.swift */ = {isa = PBXFileReference; lastKnownFileType = sourcecode.swift; name = CellView.swift; path = Views/CellView.swift; sourceTree = "<group>"; };
		4965EF172B01A63F008763C1 /* CharacterModel.swift */ = {isa = PBXFileReference; lastKnownFileType = sourcecode.swift; name = CharacterModel.swift; path = ViewModel/CharacterModel.swift; sourceTree = "<group>"; };
		4965EF192B01C881008763C1 /* CellDetailView.swift */ = {isa = PBXFileReference; lastKnownFileType = sourcecode.swift; name = CellDetailView.swift; path = Views/CellDetailView.swift; sourceTree = "<group>"; };
/* End PBXFileReference section */

/* Begin PBXFrameworksBuildPhase section */
		4965EEF32B00CA2F008763C1 /* Frameworks */ = {
			isa = PBXFrameworksBuildPhase;
			buildActionMask = 2147483647;
			files = (
			);
			runOnlyForDeploymentPostprocessing = 0;
		};
/* End PBXFrameworksBuildPhase section */

/* Begin PBXGroup section */
		4965EEED2B00CA2F008763C1 = {
			isa = PBXGroup;
			children = (
				4965EEF82B00CA2F008763C1 /* A4 */,
				4965EEF72B00CA2F008763C1 /* Products */,
			);
			sourceTree = "<group>";
		};
		4965EEF72B00CA2F008763C1 /* Products */ = {
			isa = PBXGroup;
			children = (
				4965EEF62B00CA2F008763C1 /* A4.app */,
			);
			name = Products;
			sourceTree = "<group>";
		};
		4965EEF82B00CA2F008763C1 /* A4 */ = {
			isa = PBXGroup;
			children = (
				4965EF112B019D2D008763C1 /* Views */,
				4965EF092B00CA67008763C1 /* ViewModel */,
				4965EF072B00CA54008763C1 /* model */,
				4965EEF92B00CA2F008763C1 /* A4App.swift */,
				4965EEFB2B00CA2F008763C1 /* ContentView.swift */,
				4965EEFD2B00CA30008763C1 /* Assets.xcassets */,
				4965EF0B2B00CB40008763C1 /* presidents.plist */,
				4965EEFF2B00CA30008763C1 /* Preview Content */,
				4965EF0D2B00CD3A008763C1 /* File.swift */,
				4965EF0F2B00CE14008763C1 /* LoadDataModel.swift */,
				4965EF152B019DBA008763C1 /* CellView.swift */,
				4965EF172B01A63F008763C1 /* CharacterModel.swift */,
				4965EF192B01C881008763C1 /* CellDetailView.swift */,
			);
			path = A4;
			sourceTree = "<group>";
		};
		4965EEFF2B00CA30008763C1 /* Preview Content */ = {
			isa = PBXGroup;
			children = (
				4965EF002B00CA30008763C1 /* Preview Assets.xcassets */,
			);
			path = "Preview Content";
			sourceTree = "<group>";
		};
/* End PBXGroup section */

/* Begin PBXNativeTarget section */
		4965EEF52B00CA2F008763C1 /* A4 */ = {
			isa = PBXNativeTarget;
			buildConfigurationList = 4965EF042B00CA30008763C1 /* Build configuration list for PBXNativeTarget "A4" */;
			buildPhases = (
				4965EEF22B00CA2F008763C1 /* Sources */,
				4965EEF32B00CA2F008763C1 /* Frameworks */,
				4965EEF42B00CA2F008763C1 /* Resources */,
			);
			buildRules = (
			);
			dependencies = (
			);
			name = A4;
			productName = A4;
			productReference = 4965EEF62B00CA2F008763C1 /* A4.app */;
			productType = "com.apple.product-type.application";
		};
/* End PBXNativeTarget section */

/* Begin PBXProject section */
		4965EEEE2B00CA2F008763C1 /* Project object */ = {
			isa = PBXProject;
			attributes = {
				BuildIndependentTargetsInParallel = 1;
				LastSwiftUpdateCheck = 1430;
				LastUpgradeCheck = 1430;
				TargetAttributes = {
					4965EEF52B00CA2F008763C1 = {
						CreatedOnToolsVersion = 14.3.1;
					};
				};
			};
			buildConfigurationList = 4965EEF12B00CA2F008763C1 /* Build configuration list for PBXProject "A4" */;
			compatibilityVersion = "Xcode 14.0";
			developmentRegion = en;
			hasScannedForEncodings = 0;
			knownRegions = (
				en,
				Base,
			);
			mainGroup = 4965EEED2B00CA2F008763C1;
			productRefGroup = 4965EEF72B00CA2F008763C1 /* Products */;
			projectDirPath = "";
			projectRoot = "";
			targets = (
				4965EEF52B00CA2F008763C1 /* A4 */,
			);
		};
/* End PBXProject section */

/* Begin PBXResourcesBuildPhase section */
		4965EEF42B00CA2F008763C1 /* Resources */ = {
			isa = PBXResourcesBuildPhase;
			buildActionMask = 2147483647;
			files = (
				4965EF0C2B00CB40008763C1 /* presidents.plist in Resources */,
				4965EF082B00CA54008763C1 /* model in Resources */,
				4965EF0A2B00CA67008763C1 /* ViewModel in Resources */,
				4965EF122B019D2D008763C1 /* Views in Resources */,
				4965EF012B00CA30008763C1 /* Preview Assets.xcassets in Resources */,
				4965EEFE2B00CA30008763C1 /* Assets.xcassets in Resources */,
			);
			runOnlyForDeploymentPostprocessing = 0;
		};
/* End PBXResourcesBuildPhase section */

/* Begin PBXSourcesBuildPhase section */
		4965EEF22B00CA2F008763C1 /* Sources */ = {
			isa = PBXSourcesBuildPhase;
			buildActionMask = 2147483647;
			files = (
				4965EF1A2B01C881008763C1 /* CellDetailView.swift in Sources */,
				4965EEFC2B00CA2F008763C1 /* ContentView.swift in Sources */,
				4965EF162B019DBA008763C1 /* CellView.swift in Sources */,
				4965EF102B00CE14008763C1 /* LoadDataModel.swift in Sources */,
				4965EF182B01A63F008763C1 /* CharacterModel.swift in Sources */,
				4965EF0E2B00CD3A008763C1 /* File.swift in Sources */,
				4965EEFA2B00CA2F008763C1 /* A4App.swift in Sources */,
			);
			runOnlyForDeploymentPostprocessing = 0;
		};
/* End PBXSourcesBuildPhase section */

/* Begin XCBuildConfiguration section */
		4965EF022B00CA30008763C1 /* Debug */ = {
			isa = XCBuildConfiguration;
			buildSettings = {
				ALWAYS_SEARCH_USER_PATHS = NO;
				CLANG_ANALYZER_NONNULL = YES;
				CLANG_ANALYZER_NUMBER_OBJECT_CONVERSION = YES_AGGRESSIVE;
				CLANG_CXX_LANGUAGE_STANDARD = "gnu++20";
				CLANG_ENABLE_MODULES = YES;
				CLANG_ENABLE_OBJC_ARC = YES;
				CLANG_ENABLE_OBJC_WEAK = YES;
				CLANG_WARN_BLOCK_CAPTURE_AUTORELEASING = YES;
				CLANG_WARN_BOOL_CONVERSION = YES;
				CLANG_WARN_COMMA = YES;
				CLANG_WARN_CONSTANT_CONVERSION = YES;
				CLANG_WARN_DEPRECATED_OBJC_IMPLEMENTATIONS = YES;
				CLANG_WARN_DIRECT_OBJC_ISA_USAGE = YES_ERROR;
				CLANG_WARN_DOCUMENTATION_COMMENTS = YES;
				CLANG_WARN_EMPTY_BODY = YES;
				CLANG_WARN_ENUM_CONVERSION = YES;
				CLANG_WARN_INFINITE_RECURSION = YES;
				CLANG_WARN_INT_CONVERSION = YES;
				CLANG_WARN_NON_LITERAL_NULL_CONVERSION = YES;
				CLANG_WARN_OBJC_IMPLICIT_RETAIN_SELF = YES;
				CLANG_WARN_OBJC_LITERAL_CONVERSION = YES;
				CLANG_WARN_OBJC_ROOT_CLASS = YES_ERROR;
				CLANG_WARN_QUOTED_INCLUDE_IN_FRAMEWORK_HEADER = YES;
				CLANG_WARN_RANGE_LOOP_ANALYSIS = YES;
				CLANG_WARN_STRICT_PROTOTYPES = YES;
				CLANG_WARN_SUSPICIOUS_MOVE = YES;
				CLANG_WARN_UNGUARDED_AVAILABILITY = YES_AGGRESSIVE;
				CLANG_WARN_UNREACHABLE_CODE = YES;
				CLANG_WARN__DUPLICATE_METHOD_MATCH = YES;
				COPY_PHASE_STRIP = NO;
				DEBUG_INFORMATION_FORMAT = dwarf;
				ENABLE_STRICT_OBJC_MSGSEND = YES;
				ENABLE_TESTABILITY = YES;
				GCC_C_LANGUAGE_STANDARD = gnu11;
				GCC_DYNAMIC_NO_PIC = NO;
				GCC_NO_COMMON_BLOCKS = YES;
				GCC_OPTIMIZATION_LEVEL = 0;
				GCC_PREPROCESSOR_DEFINITIONS = (
					"DEBUG=1",
					"$(inherited)",
				);
				GCC_WARN_64_TO_32_BIT_CONVERSION = YES;
				GCC_WARN_ABOUT_RETURN_TYPE = YES_ERROR;
				GCC_WARN_UNDECLARED_SELECTOR = YES;
				GCC_WARN_UNINITIALIZED_AUTOS = YES_AGGRESSIVE;
				GCC_WARN_UNUSED_FUNCTION = YES;
				GCC_WARN_UNUSED_VARIABLE = YES;
				IPHONEOS_DEPLOYMENT_TARGET = 16.4;
				MTL_ENABLE_DEBUG_INFO = INCLUDE_SOURCE;
				MTL_FAST_MATH = YES;
				ONLY_ACTIVE_ARCH = YES;
				SDKROOT = iphoneos;
				SWIFT_ACTIVE_COMPILATION_CONDITIONS = DEBUG;
				SWIFT_OPTIMIZATION_LEVEL = "-Onone";
			};
			name = Debug;
		};
		4965EF032B00CA30008763C1 /* Release */ = {
			isa = XCBuildConfiguration;
			buildSettings = {
				ALWAYS_SEARCH_USER_PATHS = NO;
				CLANG_ANALYZER_NONNULL = YES;
				CLANG_ANALYZER_NUMBER_OBJECT_CONVERSION = YES_AGGRESSIVE;
				CLANG_CXX_LANGUAGE_STANDARD = "gnu++20";
				CLANG_ENABLE_MODULES = YES;
				CLANG_ENABLE_OBJC_ARC = YES;
				CLANG_ENABLE_OBJC_WEAK = YES;
				CLANG_WARN_BLOCK_CAPTURE_AUTORELEASING = YES;
				CLANG_WARN_BOOL_CONVERSION = YES;
				CLANG_WARN_COMMA = YES;
				CLANG_WARN_CONSTANT_CONVERSION = YES;
				CLANG_WARN_DEPRECATED_OBJC_IMPLEMENTATIONS = YES;
				CLANG_WARN_DIRECT_OBJC_ISA_USAGE = YES_ERROR;
				CLANG_WARN_DOCUMENTATION_COMMENTS = YES;
				CLANG_WARN_EMPTY_BODY = YES;
				CLANG_WARN_ENUM_CONVERSION = YES;
				CLANG_WARN_INFINITE_RECURSION = YES;
				CLANG_WARN_INT_CONVERSION = YES;
				CLANG_WARN_NON_LITERAL_NULL_CONVERSION = YES;
				CLANG_WARN_OBJC_IMPLICIT_RETAIN_SELF = YES;
				CLANG_WARN_OBJC_LITERAL_CONVERSION = YES;
				CLANG_WARN_OBJC_ROOT_CLASS = YES_ERROR;
				CLANG_WARN_QUOTED_INCLUDE_IN_FRAMEWORK_HEADER = YES;
				CLANG_WARN_RANGE_LOOP_ANALYSIS = YES;
				CLANG_WARN_STRICT_PROTOTYPES = YES;
				CLANG_WARN_SUSPICIOUS_MOVE = YES;
				CLANG_WARN_UNGUARDED_AVAILABILITY = YES_AGGRESSIVE;
				CLANG_WARN_UNREACHABLE_CODE = YES;
				CLANG_WARN__DUPLICATE_METHOD_MATCH = YES;
				COPY_PHASE_STRIP = NO;
				DEBUG_INFORMATION_FORMAT = "dwarf-with-dsym";
				ENABLE_NS_ASSERTIONS = NO;
				ENABLE_STRICT_OBJC_MSGSEND = YES;
				GCC_C_LANGUAGE_STANDARD = gnu11;
				GCC_NO_COMMON_BLOCKS = YES;
				GCC_WARN_64_TO_32_BIT_CONVERSION = YES;
				GCC_WARN_ABOUT_RETURN_TYPE = YES_ERROR;
				GCC_WARN_UNDECLARED_SELECTOR = YES;
				GCC_WARN_UNINITIALIZED_AUTOS = YES_AGGRESSIVE;
				GCC_WARN_UNUSED_FUNCTION = YES;
				GCC_WARN_UNUSED_VARIABLE = YES;
				IPHONEOS_DEPLOYMENT_TARGET = 16.4;
				MTL_ENABLE_DEBUG_INFO = NO;
				MTL_FAST_MATH = YES;
				SDKROOT = iphoneos;
				SWIFT_COMPILATION_MODE = wholemodule;
				SWIFT_OPTIMIZATION_LEVEL = "-O";
				VALIDATE_PRODUCT = YES;
			};
			name = Release;
		};
		4965EF052B00CA30008763C1 /* Debug */ = {
			isa = XCBuildConfiguration;
			buildSettings = {
				ASSETCATALOG_COMPILER_APPICON_NAME = AppIcon;
				ASSETCATALOG_COMPILER_GLOBAL_ACCENT_COLOR_NAME = AccentColor;
				CODE_SIGN_STYLE = Automatic;
				CURRENT_PROJECT_VERSION = 1;
				DEVELOPMENT_ASSET_PATHS = "\"A4/Preview Content\"";
				ENABLE_PREVIEWS = YES;
				GENERATE_INFOPLIST_FILE = YES;
				INFOPLIST_KEY_UIApplicationSceneManifest_Generation = YES;
				INFOPLIST_KEY_UIApplicationSupportsIndirectInputEvents = YES;
				INFOPLIST_KEY_UILaunchScreen_Generation = YES;
				INFOPLIST_KEY_UISupportedInterfaceOrientations_iPad = "UIInterfaceOrientationPortrait UIInterfaceOrientationPortraitUpsideDown UIInterfaceOrientationLandscapeLeft UIInterfaceOrientationLandscapeRight";
				INFOPLIST_KEY_UISupportedInterfaceOrientations_iPhone = "UIInterfaceOrientationPortrait UIInterfaceOrientationLandscapeLeft UIInterfaceOrientationLandscapeRight";
				LD_RUNPATH_SEARCH_PATHS = (
					"$(inherited)",
					"@executable_path/Frameworks",
				);
				MARKETING_VERSION = 1.0;
				PRODUCT_BUNDLE_IDENTIFIER = edu.niu.z1946433.A4;
				PRODUCT_NAME = "$(TARGET_NAME)";
				SWIFT_EMIT_LOC_STRINGS = YES;
				SWIFT_VERSION = 5.0;
				TARGETED_DEVICE_FAMILY = "1,2";
			};
			name = Debug;
		};
		4965EF062B00CA30008763C1 /* Release */ = {
			isa = XCBuildConfiguration;
			buildSettings = {
				ASSETCATALOG_COMPILER_APPICON_NAME = AppIcon;
				ASSETCATALOG_COMPILER_GLOBAL_ACCENT_COLOR_NAME = AccentColor;
				CODE_SIGN_STYLE = Automatic;
				CURRENT_PROJECT_VERSION = 1;
				DEVELOPMENT_ASSET_PATHS = "\"A4/Preview Content\"";
				ENABLE_PREVIEWS = YES;
				GENERATE_INFOPLIST_FILE = YES;
				INFOPLIST_KEY_UIApplicationSceneManifest_Generation = YES;
				INFOPLIST_KEY_UIApplicationSupportsIndirectInputEvents = YES;
				INFOPLIST_KEY_UILaunchScreen_Generation = YES;
				INFOPLIST_KEY_UISupportedInterfaceOrientations_iPad = "UIInterfaceOrientationPortrait UIInterfaceOrientationPortraitUpsideDown UIInterfaceOrientationLandscapeLeft UIInterfaceOrientationLandscapeRight";
				INFOPLIST_KEY_UISupportedInterfaceOrientations_iPhone = "UIInterfaceOrientationPortrait UIInterfaceOrientationLandscapeLeft UIInterfaceOrientationLandscapeRight";
				LD_RUNPATH_SEARCH_PATHS = (
					"$(inherited)",
					"@executable_path/Frameworks",
				);
				MARKETING_VERSION = 1.0;
				PRODUCT_BUNDLE_IDENTIFIER = edu.niu.z1946433.A4;
				PRODUCT_NAME = "$(TARGET_NAME)";
				SWIFT_EMIT_LOC_STRINGS = YES;
				SWIFT_VERSION = 5.0;
				TARGETED_DEVICE_FAMILY = "1,2";
			};
			name = Release;
		};
/* End XCBuildConfiguration section */

/* Begin XCConfigurationList section */
		4965EEF12B00CA2F008763C1 /* Build configuration list for PBXProject "A4" */ = {
			isa = XCConfigurationList;
			buildConfigurations = (
				4965EF022B00CA30008763C1 /* Debug */,
				4965EF032B00CA30008763C1 /* Release */,
			);
			defaultConfigurationIsVisible = 0;
			defaultConfigurationName = Release;
		};
		4965EF042B00CA30008763C1 /* Build configuration list for PBXNativeTarget "A4" */ = {
			isa = XCConfigurationList;
			buildConfigurations = (
				4965EF052B00CA30008763C1 /* Debug */,
				4965EF062B00CA30008763C1 /* Release */,
			);
			defaultConfigurationIsVisible = 0;
			defaultConfigurationName = Release;
		};
/* End XCConfigurationList section */
	};
	rootObject = 4965EEEE2B00CA2F008763C1 /* Project object */;
}
